
Microsoft Visual Studio Solution File, Format Version 12.00
Project("{FAE04EC0-301F-11D3-BF4B-00C04F79EFBC}") = "JobBoard", "JobBoard\JobBoard.csproj", "{5255495F-6781-45DC-A8EC-415AA96920CD}"
EndProject
Global
	GlobalSection(SolutionConfigurationPlatforms) = preSolution
		Debug|Any CPU = Debug|Any CPU
		Release|Any CPU = Release|Any CPU
	EndGlobalSection
	GlobalSection(ProjectConfigurationPlatforms) = postSolution
		{5255495F-6781-45DC-A8EC-415AA96920CD}.Debug|Any CPU.ActiveCfg = Debug|Any CPU
		{5255495F-6781-45DC-A8EC-415AA96920CD}.Debug|Any CPU.Build.0 = Debug|Any CPU
		{5255495F-6781-45DC-A8EC-415AA96920CD}.Release|Any CPU.ActiveCfg = Release|Any CPU
		{5255495F-6781-45DC-A8EC-415AA96920CD}.Release|Any CPU.Build.0 = Release|Any CPU
	EndGlobalSection
EndGlobal
